
Microsoft Visual Studio Solution File, Format Version 12.00
# Visual Studio Version 17
VisualStudioVersion = 17.3.32825.248
MinimumVisualStudioVersion = 10.0.40219.1
Project("{FAE04EC0-301F-11D3-BF4B-00C04F79EFBC}") = "Uebung.Properties", "Uebung.Properties\Uebung.Properties.csproj", "{CBB0DFE2-F47A-4CE4-86CF-B5BB24C069EB}"
EndProject
Global
	GlobalSection(SolutionConfigurationPlatforms) = preSolution
		Debug|Any CPU = Debug|Any CPU
		Release|Any CPU = Release|Any CPU
	EndGlobalSection
	GlobalSection(ProjectConfigurationPlatforms) = postSolution
		{CBB0DFE2-F47A-4CE4-86CF-B5BB24C069EB}.Debug|Any CPU.ActiveCfg = Debug|Any CPU
		{CBB0DFE2-F47A-4CE4-86CF-B5BB24C069EB}.Debug|Any CPU.Build.0 = Debug|Any CPU
		{CBB0DFE2-F47A-4CE4-86CF-B5BB24C069EB}.Release|Any CPU.ActiveCfg = Release|Any CPU
		{CBB0DFE2-F47A-4CE4-86CF-B5BB24C069EB}.Release|Any CPU.Build.0 = Release|Any CPU
	EndGlobalSection
	GlobalSection(SolutionProperties) = preSolution
		HideSolutionNode = FALSE
	EndGlobalSection
	GlobalSection(ExtensibilityGlobals) = postSolution
		SolutionGuid = {AD459489-0890-4A6D-856F-961F6509E889}
	EndGlobalSection
EndGlobal
